<?xml version="1.0" encoding="utf-8"?>
<Project ToolsVersion="4.0" xmlns="http://schemas.microsoft.com/developer/msbuild/2003">
  <ItemGroup>
    <ClCompile Include="main.cpp" />
    <ClCompile Include="KeyManager.cpp">
      <Filter>2D FrameWork\Manager</Filter>
    </ClCompile>
    <ClCompile Include="ImageManager.cpp">
      <Filter>2D FrameWork\Manager</Filter>
    </ClCompile>
    <ClCompile Include="TimerManager.cpp">
      <Filter>2D FrameWork\Manager</Filter>
    </ClCompile>
    <ClCompile Include="SceneManager.cpp">
      <Filter>2D FrameWork\Manager</Filter>
    </ClCompile>
    <ClCompile Include="Timer.cpp">
      <Filter>2D FrameWork</Filter>
    </ClCompile>
    <ClCompile Include="Image.cpp">
      <Filter>2D FrameWork</Filter>
    </ClCompile>
    <ClCompile Include="GameObject.cpp">
      <Filter>2D FrameWork</Filter>
    </ClCompile>
    <ClCompile Include="Button.cpp">
      <Filter>2D FrameWork\Button</Filter>
    </ClCompile>
    <ClCompile Include="ButtonFunction.cpp">
      <Filter>2D FrameWork\Button</Filter>
    </ClCompile>
    <ClCompile Include="GameEntity.cpp">
      <Filter>2D FrameWork</Filter>
    </ClCompile>
    <ClCompile Include="MainGame.cpp">
      <Filter>MainGame</Filter>
    </ClCompile>
    <ClCompile Include="Ammo.cpp">
      <Filter>MainGame\Ammo</Filter>
    </ClCompile>
    <ClCompile Include="AmmoManager.cpp">
      <Filter>MainGame\Ammo</Filter>
    </ClCompile>
    <ClCompile Include="AStarScene.cpp">
      <Filter>MainGame\Scene</Filter>
    </ClCompile>
    <ClCompile Include="BattleScene.cpp">
      <Filter>MainGame\Scene</Filter>
    </ClCompile>
    <ClCompile Include="LoadingScene.cpp">
      <Filter>MainGame\Scene</Filter>
    </ClCompile>
    <ClCompile Include="PixelCollisionScene.cpp">
      <Filter>MainGame\Scene</Filter>
    </ClCompile>
    <ClCompile Include="TilemapToolScene.cpp">
      <Filter>MainGame\Scene</Filter>
    </ClCompile>
    <ClCompile Include="TitleScene.cpp">
      <Filter>MainGame\Scene</Filter>
    </ClCompile>
    <ClCompile Include="PlayerTankScene.cpp">
      <Filter>MainGame\Scene\실험방</Filter>
    </ClCompile>
    <ClCompile Include="BattleTest.cpp">
      <Filter>MainGame\Scene\실험방</Filter>
    </ClCompile>
    <ClCompile Include="Enemy.cpp">
      <Filter>MainGame\Enemy</Filter>
    </ClCompile>
    <ClCompile Include="EnemyManager.cpp">
      <Filter>MainGame\Enemy</Filter>
    </ClCompile>
    <ClCompile Include="EnemyTank.cpp">
      <Filter>MainGame\Enemy\실헝방</Filter>
    </ClCompile>
    <ClCompile Include="Item.cpp">
      <Filter>MainGame\Item</Filter>
    </ClCompile>
    <ClCompile Include="Tank.cpp">
      <Filter>MainGame\Player</Filter>
    </ClCompile>
  </ItemGroup>
  <ItemGroup>
    <ClInclude Include="KeyManager.h">
      <Filter>2D FrameWork\Manager</Filter>
    </ClInclude>
    <ClInclude Include="ImageManager.h">
      <Filter>2D FrameWork\Manager</Filter>
    </ClInclude>
    <ClInclude Include="TimerManager.h">
      <Filter>2D FrameWork\Manager</Filter>
    </ClInclude>
    <ClInclude Include="Singleton.h">
      <Filter>2D FrameWork\Manager</Filter>
    </ClInclude>
    <ClInclude Include="SceneManager.h">
      <Filter>2D FrameWork\Manager</Filter>
    </ClInclude>
    <ClInclude Include="Timer.h">
      <Filter>2D FrameWork</Filter>
    </ClInclude>
    <ClInclude Include="Image.h">
      <Filter>2D FrameWork</Filter>
    </ClInclude>
    <ClInclude Include="GameObject.h">
      <Filter>2D FrameWork</Filter>
    </ClInclude>
    <ClInclude Include="Button.h">
      <Filter>2D FrameWork\Button</Filter>
    </ClInclude>
    <ClInclude Include="ButtonFunction.h">
      <Filter>2D FrameWork\Button</Filter>
    </ClInclude>
    <ClInclude Include="GameEntity.h">
      <Filter>2D FrameWork</Filter>
    </ClInclude>
    <ClInclude Include="MainGame.h">
      <Filter>MainGame</Filter>
    </ClInclude>
    <ClInclude Include="Ammo.h">
      <Filter>MainGame\Ammo</Filter>
    </ClInclude>
    <ClInclude Include="AmmoManager.h">
      <Filter>MainGame\Ammo</Filter>
    </ClInclude>
    <ClInclude Include="AStarScene.h">
      <Filter>MainGame\Scene</Filter>
    </ClInclude>
    <ClInclude Include="BattleScene.h">
      <Filter>MainGame\Scene</Filter>
    </ClInclude>
    <ClInclude Include="LoadingScene.h">
      <Filter>MainGame\Scene</Filter>
    </ClInclude>
    <ClInclude Include="PixelCollisionScene.h">
      <Filter>MainGame\Scene</Filter>
    </ClInclude>
    <ClInclude Include="TilemapToolScene.h">
      <Filter>MainGame\Scene</Filter>
    </ClInclude>
    <ClInclude Include="TitleScene.h">
      <Filter>MainGame\Scene</Filter>
    </ClInclude>
    <ClInclude Include="PlayerTankScene.h">
      <Filter>MainGame\Scene\실험방</Filter>
    </ClInclude>
    <ClInclude Include="BattleTest.h">
      <Filter>MainGame\Scene\실험방</Filter>
    </ClInclude>
    <ClInclude Include="Enemy.h">
      <Filter>MainGame\Enemy</Filter>
    </ClInclude>
    <ClInclude Include="EnemyManager.h">
      <Filter>MainGame\Enemy</Filter>
    </ClInclude>
    <ClInclude Include="EnemyTank.h">
      <Filter>MainGame\Enemy\실헝방</Filter>
    </ClInclude>
    <ClInclude Include="Item.h">
      <Filter>MainGame\Item</Filter>
    </ClInclude>
    <ClInclude Include="CommonFunction.h">
      <Filter>Config</Filter>
    </ClInclude>
    <ClInclude Include="Config.h">
      <Filter>Config</Filter>
    </ClInclude>
    <ClInclude Include="MapConfig.h">
      <Filter>Config</Filter>
    </ClInclude>
    <ClInclude Include="Tank.h">
      <Filter>MainGame\Player</Filter>
    </ClInclude>
  </ItemGroup>
  <ItemGroup>
    <Filter Include="2D FrameWork">
      <UniqueIdentifier>{0790403e-34f5-4e60-9c50-8ecbc7bb1e86}</UniqueIdentifier>
    </Filter>
    <Filter Include="2D FrameWork\Manager">
      <UniqueIdentifier>{527ca309-d6cc-461b-945c-8af2e97a157c}</UniqueIdentifier>
    </Filter>
    <Filter Include="MainGame">
      <UniqueIdentifier>{2e5f6329-09c2-4638-9ffd-c98e47e672bb}</UniqueIdentifier>
    </Filter>
    <Filter Include="2D FrameWork\Button">
      <UniqueIdentifier>{3d764016-e0a6-4fb3-98de-4b4fe457be9f}</UniqueIdentifier>
    </Filter>
    <Filter Include="MainGame\Enemy">
      <UniqueIdentifier>{bd3c6171-a96c-441e-b0cd-29646e8033d4}</UniqueIdentifier>
    </Filter>
    <Filter Include="MainGame\Ammo">
      <UniqueIdentifier>{be636c72-ddd8-4759-9841-48e1086f79fa}</UniqueIdentifier>
    </Filter>
    <Filter Include="MainGame\Scene">
      <UniqueIdentifier>{26403387-866e-4d5c-b507-d2006eb2427b}</UniqueIdentifier>
    </Filter>
    <Filter Include="MainGame\Scene\실험방">
      <UniqueIdentifier>{9bb65b2f-afc9-43bb-8b29-1acfdc8153c2}</UniqueIdentifier>
    </Filter>
    <Filter Include="MainGame\Enemy\실헝방">
      <UniqueIdentifier>{116ed9cd-684b-453c-b4c4-8e6bcd3f7322}</UniqueIdentifier>
    </Filter>
    <Filter Include="MainGame\Item">
      <UniqueIdentifier>{5c1be100-d096-4c6b-a4ef-01383077ef47}</UniqueIdentifier>
    </Filter>
    <Filter Include="Config">
      <UniqueIdentifier>{7956e58a-6494-4584-b71d-b0808357e3f4}</UniqueIdentifier>
    </Filter>
    <Filter Include="MainGame\Player">
      <UniqueIdentifier>{58937433-015c-4a04-a270-2b272e8132ac}</UniqueIdentifier>
    </Filter>
  </ItemGroup>
</Project>